
Microsoft Visual Studio Solution File, Format Version 12.00
# Visual Studio Version 17
VisualStudioVersion = 17.4.33205.214
MinimumVisualStudioVersion = 10.0.40219.1
Project("{9A19103F-16F7-4668-BE54-9A1E7A4F7556}") = "InterfaceSegregation", "InterfaceSegregation.csproj", "{9766D819-EFB7-41AA-9F20-AD4DEED7E6E4}"
EndProject
Global
	GlobalSection(SolutionConfigurationPlatforms) = preSolution
		Debug|Any CPU = Debug|Any CPU
		Release|Any CPU = Release|Any CPU
	EndGlobalSection
	GlobalSection(ProjectConfigurationPlatforms) = postSolution
		{9766D819-EFB7-41AA-9F20-AD4DEED7E6E4}.Debug|Any CPU.ActiveCfg = Debug|Any CPU
		{9766D819-EFB7-41AA-9F20-AD4DEED7E6E4}.Debug|Any CPU.Build.0 = Debug|Any CPU
		{9766D819-EFB7-41AA-9F20-AD4DEED7E6E4}.Release|Any CPU.ActiveCfg = Release|Any CPU
		{9766D819-EFB7-41AA-9F20-AD4DEED7E6E4}.Release|Any CPU.Build.0 = Release|Any CPU
	EndGlobalSection
	GlobalSection(SolutionProperties) = preSolution
		HideSolutionNode = FALSE
	EndGlobalSection
	GlobalSection(ExtensibilityGlobals) = postSolution
		SolutionGuid = {52540E22-8A51-41D5-AA3F-16CB876D87C0}
	EndGlobalSection
EndGlobal
